
Microsoft Visual Studio Solution File, Format Version 12.00
# Visual Studio Version 17
VisualStudioVersion = 17.8.34330.188
MinimumVisualStudioVersion = 10.0.40219.1
Project("{FAE04EC0-301F-11D3-BF4B-00C04F79EFBC}") = "Patterns", "Patterns.csproj", "{66D91D3A-9D4D-4D5F-856E-54D01D852A53}"
EndProject
Global
	GlobalSection(SolutionConfigurationPlatforms) = preSolution
		Debug|Any CPU = Debug|Any CPU
		Release|Any CPU = Release|Any CPU
	EndGlobalSection
	GlobalSection(ProjectConfigurationPlatforms) = postSolution
		{66D91D3A-9D4D-4D5F-856E-54D01D852A53}.Debug|Any CPU.ActiveCfg = Debug|Any CPU
		{66D91D3A-9D4D-4D5F-856E-54D01D852A53}.Debug|Any CPU.Build.0 = Debug|Any CPU
		{66D91D3A-9D4D-4D5F-856E-54D01D852A53}.Release|Any CPU.ActiveCfg = Release|Any CPU
		{66D91D3A-9D4D-4D5F-856E-54D01D852A53}.Release|Any CPU.Build.0 = Release|Any CPU
	EndGlobalSection
	GlobalSection(SolutionProperties) = preSolution
		HideSolutionNode = FALSE
	EndGlobalSection
	GlobalSection(ExtensibilityGlobals) = postSolution
		SolutionGuid = {79D3B591-8936-46AA-964D-03360EF1784E}
	EndGlobalSection
EndGlobal
